<?xml version="1.0" encoding="utf-8"?>
<Project ToolsVersion="4.0" xmlns="http://schemas.microsoft.com/developer/msbuild/2003">
  <ItemGroup>
    <Filter Include="Common">
      <UniqueIdentifier>{724746de-85e0-4ed8-8c09-5b22c6c8f110}</UniqueIdentifier>
    </Filter>
    <Filter Include="Shaders">
      <UniqueIdentifier>{c65d1662-97d7-4045-a0b0-a5b0aa603e9d}</UniqueIdentifier>
    </Filter>
    <Filter Include="Common\Imgui">
      <UniqueIdentifier>{87b14766-f3ca-460a-a530-eb1dec943ab8}</UniqueIdentifier>
    </Filter>
    <Filter Include="SkyModels">
      <UniqueIdentifier>{837c6b9e-b9b6-45fd-9249-312445380f32}</UniqueIdentifier>
    </Filter>
    <Filter Include="SkyModels\HosekSky">
      <UniqueIdentifier>{979d553c-5331-4e8b-9216-8ef3cf5a175d}</UniqueIdentifier>
    </Filter>
    <Filter Include="Common\meshoptimizer">
      <UniqueIdentifier>{97dba81c-4e29-4c38-a37a-1153d7403166}</UniqueIdentifier>
    </Filter>
  </ItemGroup>
  <ItemGroup>
    <ClCompile Include="Main.cpp" />
    <ClCompile Include="RenderManager.cpp" />
    <ClCompile Include="Common\FileWatcher.cpp">
      <Filter>Common</Filter>
    </ClCompile>
    <ClCompile Include="Common\Model.cpp">
      <Filter>Common</Filter>
    </ClCompile>
    <ClCompile Include="Common\ImguiHelper.cpp">
      <Filter>Common</Filter>
    </ClCompile>
    <ClCompile Include="..\Externals\ImGui\imgui.cpp">
      <Filter>Common\Imgui</Filter>
    </ClCompile>
    <ClCompile Include="..\Externals\ImGui\imgui_draw.cpp">
      <Filter>Common\Imgui</Filter>
    </ClCompile>
    <ClCompile Include="..\Externals\ImGui\imgui_impl_dx12.cpp">
      <Filter>Common\Imgui</Filter>
    </ClCompile>
    <ClCompile Include="..\Externals\ImGui\imgui_impl_win32.cpp">
      <Filter>Common\Imgui</Filter>
    </ClCompile>
    <ClCompile Include="..\Externals\ImGui\imgui_tables.cpp">
      <Filter>Common\Imgui</Filter>
    </ClCompile>
    <ClCompile Include="..\Externals\ImGui\imgui_widgets.cpp">
      <Filter>Common\Imgui</Filter>
    </ClCompile>
    <ClCompile Include="Common\D3D12Wrapper.cpp">
      <Filter>Common</Filter>
    </ClCompile>
    <ClCompile Include="PostProcessor.cpp" />
    <ClCompile Include="Common\PostFxHelper.cpp">
      <Filter>Common</Filter>
    </ClCompile>
    <ClCompile Include="AppSettings.cpp" />
    <ClCompile Include="SimpleParticle.cpp" />
    <ClCompile Include="Common\ShadowHelper.cpp">
      <Filter>Common</Filter>
    </ClCompile>
    <ClCompile Include="VolumetricFog.cpp" />
    <ClCompile Include="TestPass.cpp" />
    <ClCompile Include="TAA.cpp" />
    <ClCompile Include="MotionVector.cpp" />
    <ClCompile Include="Common\Utility.cpp">
      <Filter>Common</Filter>
    </ClCompile>
    <ClCompile Include="Common\Spectrum.cpp">
      <Filter>Common</Filter>
    </ClCompile>
    <ClCompile Include="Common\SphericalHarmonics.cpp">
      <Filter>Common</Filter>
    </ClCompile>
    <ClCompile Include="SkyModels\AnalyticalSkyModel.cpp">
      <Filter>SkyModels</Filter>
    </ClCompile>
    <ClCompile Include="Common\Sampling.cpp">
      <Filter>Common</Filter>
    </ClCompile>
    <ClCompile Include="SkyModels\HosekSky\ArHosekSkyModel.cpp">
      <Filter>SkyModels\HosekSky</Filter>
    </ClCompile>
    <ClCompile Include="GpuDrivenRenderer.cpp" />
    <ClCompile Include="..\Externals\meshoptimizer\allocator.cpp">
      <Filter>Common\meshoptimizer</Filter>
    </ClCompile>
    <ClCompile Include="..\Externals\meshoptimizer\clusterizer.cpp">
      <Filter>Common\meshoptimizer</Filter>
    </ClCompile>
    <ClCompile Include="..\Externals\meshoptimizer\indexcodec.cpp">
      <Filter>Common\meshoptimizer</Filter>
    </ClCompile>
    <ClCompile Include="..\Externals\meshoptimizer\indexgenerator.cpp">
      <Filter>Common\meshoptimizer</Filter>
    </ClCompile>
    <ClCompile Include="..\Externals\meshoptimizer\overdrawanalyzer.cpp">
      <Filter>Common\meshoptimizer</Filter>
    </ClCompile>
    <ClCompile Include="..\Externals\meshoptimizer\overdrawoptimizer.cpp">
      <Filter>Common\meshoptimizer</Filter>
    </ClCompile>
    <ClCompile Include="..\Externals\meshoptimizer\quantization.cpp">
      <Filter>Common\meshoptimizer</Filter>
    </ClCompile>
    <ClCompile Include="..\Externals\meshoptimizer\simplifier.cpp">
      <Filter>Common\meshoptimizer</Filter>
    </ClCompile>
    <ClCompile Include="..\Externals\meshoptimizer\spatialorder.cpp">
      <Filter>Common\meshoptimizer</Filter>
    </ClCompile>
    <ClCompile Include="..\Externals\meshoptimizer\stripifier.cpp">
      <Filter>Common\meshoptimizer</Filter>
    </ClCompile>
    <ClCompile Include="..\Externals\meshoptimizer\vcacheanalyzer.cpp">
      <Filter>Common\meshoptimizer</Filter>
    </ClCompile>
    <ClCompile Include="..\Externals\meshoptimizer\vcacheoptimizer.cpp">
      <Filter>Common\meshoptimizer</Filter>
    </ClCompile>
    <ClCompile Include="..\Externals\meshoptimizer\vertexcodec.cpp">
      <Filter>Common\meshoptimizer</Filter>
    </ClCompile>
    <ClCompile Include="..\Externals\meshoptimizer\vertexfilter.cpp">
      <Filter>Common\meshoptimizer</Filter>
    </ClCompile>
    <ClCompile Include="..\Externals\meshoptimizer\vfetchanalyzer.cpp">
      <Filter>Common\meshoptimizer</Filter>
    </ClCompile>
    <ClCompile Include="..\Externals\meshoptimizer\vfetchoptimizer.cpp">
      <Filter>Common\meshoptimizer</Filter>
    </ClCompile>
  </ItemGroup>
  <ItemGroup>
    <ClInclude Include="RenderManager.hpp" />
    <ClInclude Include="Common\Camera.hpp">
      <Filter>Common</Filter>
    </ClInclude>
    <ClInclude Include="Common\Timer.hpp">
      <Filter>Common</Filter>
    </ClInclude>
    <ClInclude Include="Common\Utility.hpp">
      <Filter>Common</Filter>
    </ClInclude>
    <ClInclude Include="Common\FileWatcher.hpp">
      <Filter>Common</Filter>
    </ClInclude>
    <ClInclude Include="Common\Thread.hpp">
      <Filter>Common</Filter>
    </ClInclude>
    <ClInclude Include="Common\Model.hpp">
      <Filter>Common</Filter>
    </ClInclude>
    <ClInclude Include="Common\D3D12Wrapper.hpp">
      <Filter>Common</Filter>
    </ClInclude>
    <ClInclude Include="Common\ImguiHelper.hpp">
      <Filter>Common</Filter>
    </ClInclude>
    <ClInclude Include="..\Externals\ImGui\imgui.h">
      <Filter>Common\Imgui</Filter>
    </ClInclude>
    <ClInclude Include="..\Externals\ImGui\imgui_impl_dx12.h">
      <Filter>Common\Imgui</Filter>
    </ClInclude>
    <ClInclude Include="..\Externals\ImGui\imgui_impl_win32.h">
      <Filter>Common\Imgui</Filter>
    </ClInclude>
    <ClInclude Include="..\Externals\ImGui\imgui_internal.h">
      <Filter>Common\Imgui</Filter>
    </ClInclude>
    <ClInclude Include="..\Externals\ImGui\imstb_rectpack.h">
      <Filter>Common\Imgui</Filter>
    </ClInclude>
    <ClInclude Include="..\Externals\ImGui\imstb_textedit.h">
      <Filter>Common\Imgui</Filter>
    </ClInclude>
    <ClInclude Include="..\Externals\ImGui\imstb_truetype.h">
      <Filter>Common\Imgui</Filter>
    </ClInclude>
    <ClInclude Include="PostProcessor.hpp" />
    <ClInclude Include="Common\PostFxHelper.hpp">
      <Filter>Common</Filter>
    </ClInclude>
    <ClInclude Include="Common\Input.hpp">
      <Filter>Common</Filter>
    </ClInclude>
    <ClInclude Include="AppSettings.hpp" />
    <ClInclude Include="SimpleParticle.hpp" />
    <ClInclude Include="Common\ShadowHelper.hpp">
      <Filter>Common</Filter>
    </ClInclude>
    <ClInclude Include="VolumetricFog.hpp" />
    <ClInclude Include="TestPass.hpp" />
    <ClInclude Include="TAA.hpp" />
    <ClInclude Include="MotionVector.hpp" />
    <ClInclude Include="Common\Spectrum.hpp">
      <Filter>Common</Filter>
    </ClInclude>
    <ClInclude Include="Common\SphericalHarmonics.hpp">
      <Filter>Common</Filter>
    </ClInclude>
    <ClInclude Include="SkyModels\AnalyticalSkyModel.hpp">
      <Filter>SkyModels</Filter>
    </ClInclude>
    <ClInclude Include="Common\Sampling.hpp">
      <Filter>Common</Filter>
    </ClInclude>
    <ClInclude Include="Quaternion.hpp">
      <Filter>Common</Filter>
    </ClInclude>
    <ClInclude Include="SkyModels\HosekSky\ArHosekSkyModel.h">
      <Filter>SkyModels\HosekSky</Filter>
    </ClInclude>
    <ClInclude Include="SkyModels\HosekSky\ArHosekSkyModelData_CIEXYZ.h">
      <Filter>SkyModels\HosekSky</Filter>
    </ClInclude>
    <ClInclude Include="SkyModels\HosekSky\ArHosekSkyModelData_RGB.h">
      <Filter>SkyModels\HosekSky</Filter>
    </ClInclude>
    <ClInclude Include="SkyModels\HosekSky\ArHosekSkyModelData_Spectral.h">
      <Filter>SkyModels\HosekSky</Filter>
    </ClInclude>
    <ClInclude Include="Common\Half.hpp">
      <Filter>Common</Filter>
    </ClInclude>
    <ClInclude Include="GpuDrivenRenderer.hpp" />
    <ClInclude Include="..\Externals\meshoptimizer\meshoptimizer.h">
      <Filter>Common\meshoptimizer</Filter>
    </ClInclude>
  </ItemGroup>
  <ItemGroup>
    <None Include="packages.config" />
  </ItemGroup>
</Project>